
Microsoft Visual Studio Solution File, Format Version 12.00
# Visual Studio 15
VisualStudioVersion = 15.0.27703.2047
MinimumVisualStudioVersion = 10.0.40219.1
Project("{9A19103F-16F7-4668-BE54-9A1E7A4F7556}") = "MLExample", "MLExample.csproj", "{833341D3-07AB-4C3D-8943-3A82B385F2D9}"
EndProject
Global
	GlobalSection(SolutionConfigurationPlatforms) = preSolution
		Debug|Any CPU = Debug|Any CPU
		Release|Any CPU = Release|Any CPU
	EndGlobalSection
	GlobalSection(ProjectConfigurationPlatforms) = postSolution
		{833341D3-07AB-4C3D-8943-3A82B385F2D9}.Debug|Any CPU.ActiveCfg = Debug|Any CPU
		{833341D3-07AB-4C3D-8943-3A82B385F2D9}.Debug|Any CPU.Build.0 = Debug|Any CPU
		{833341D3-07AB-4C3D-8943-3A82B385F2D9}.Release|Any CPU.ActiveCfg = Release|Any CPU
		{833341D3-07AB-4C3D-8943-3A82B385F2D9}.Release|Any CPU.Build.0 = Release|Any CPU
	EndGlobalSection
	GlobalSection(SolutionProperties) = preSolution
		HideSolutionNode = FALSE
	EndGlobalSection
	GlobalSection(ExtensibilityGlobals) = postSolution
		SolutionGuid = {20C43C87-EB74-4142-B521-D885848C3272}
	EndGlobalSection
EndGlobal
